Microsoft Visual Studio Solution File, Format Version 12.00
# Visual Studio Version 17
VisualStudioVersion = 17.5.2.0
MinimumVisualStudioVersion = 10.0.40219.1
Project("{FAE04EC0-301F-11D3-BF4B-00C04F79EFBC}") = "FieldTechApi", "FieldTechApi\FieldTechApi.csproj", "{17C86043-0A93-6494-14C4-AAAD708847A3}"
EndProject
Global
	GlobalSection(SolutionConfigurationPlatforms) = preSolution
		Debug|Any CPU = Debug|Any CPU
		Release|Any CPU = Release|Any CPU
	EndGlobalSection
	GlobalSection(ProjectConfigurationPlatforms) = postSolution
		{17C86043-0A93-6494-14C4-AAAD708847A3}.Debug|Any CPU.ActiveCfg = Debug|Any CPU
		{17C86043-0A93-6494-14C4-AAAD708847A3}.Debug|Any CPU.Build.0 = Debug|Any CPU
		{17C86043-0A93-6494-14C4-AAAD708847A3}.Release|Any CPU.ActiveCfg = Release|Any CPU
		{17C86043-0A93-6494-14C4-AAAD708847A3}.Release|Any CPU.Build.0 = Release|Any CPU
	EndGlobalSection
	GlobalSection(SolutionProperties) = preSolution
		HideSolutionNode = FALSE
	EndGlobalSection
	GlobalSection(ExtensibilityGlobals) = postSolution
		SolutionGuid = {69D255D0-B3C2-40E3-8591-1809A74FABFD}
	EndGlobalSection
EndGlobal
